{
    "_readme": [
        "This file locks the dependencies of your project to a known state",
        "Read more about it at https://getcomposer.org/doc/01-basic-usage.md#installing-dependencies",
        "This file is @generated automatically"
    ],
    "content-hash": "418005540a4499aff34e8e693b31fd6b",
    "packages": [
        {
            "name": "digitick/sepa-xml",
            "version": "1.1.4",
            "source": {
                "type": "git",
                "url": "https://github.com/php-sepa-xml/php-sepa-xml.git",
                "reference": "d04a6c0bf6a32719a1395d85131ed69528d757e7"
            },
            "dist": {
                "type": "zip",
                "url": "https://api.github.com/repos/php-sepa-xml/php-sepa-xml/zipball/d04a6c0bf6a32719a1395d85131ed69528d757e7",
                "reference": "d04a6c0bf6a32719a1395d85131ed69528d757e7",
                "shasum": ""
            },
            "require": {
                "php": ">=5.3.2"
            },
            "require-dev": {
                "phpunit/phpunit": "~4.3|~5.0"
            },
            "type": "library",
            "autoload": {
                "psr-0": {
                    "Digitick\\Sepa": "lib/"
                }
            },
            "notification-url": "https://packagist.org/downloads/",
            "license": [
                "GNU Lesser General Public License v3.0"
            ],
            "authors": [
                {
                    "name": "Ianaré Sévi"
                },
                {
                    "name": "Digitick, SA",
                    "email": "info@digitick.net"
                },
                {
                    "name": "Sören Rohweder (monofone)",
                    "email": "s.rohweder@blage.net"
                }
            ],
            "description": "Creates an XML file for a Single Euro Payments Area (SEPA) Credit Transfer.",
            "keywords": [
                "Banking",
                "sepa",
                "xml"
            ],
            "support": {
                "issues": "https://github.com/php-sepa-xml/php-sepa-xml/issues",
                "source": "https://github.com/php-sepa-xml/php-sepa-xml/tree/master"
            },
            "time": "2017-01-01T17:52:19+00:00"
        }
    ],
    "packages-dev": [],
    "aliases": [],
    "minimum-stability": "stable",
    "stability-flags": [],
    "prefer-stable": false,
    "prefer-lowest": false,
    "platform": [],
    "platform-dev": [],
    "plugin-api-version": "2.0.0"
}
